// !$*UTF8*$!
{
	archiveVersion = 1;
	classes = {
	};
	objectVersion = 50;
	objects = {

/* Begin PBXBuildFile section */
		FCABF0A0234519CB00CD189A /* AppDelegate.swift in Sources */ = {isa = PBXBuildFile; fileRef = FCABF09F234519CB00CD189A /* AppDelegate.swift */; };
		FCABF0A2234519CB00CD189A /* SceneDelegate.swift in Sources */ = {isa = PBXBuildFile; fileRef = FCABF0A1234519CB00CD189A /* SceneDelegate.swift */; };
		FCABF0A7234519CB00CD189A /* Main.storyboard in Resources */ = {isa = PBXBuildFile; fileRef = FCABF0A5234519CB00CD189A /* Main.storyboard */; };
		FCABF0A9234519CD00CD189A /* Assets.xcassets in Resources */ = {isa = PBXBuildFile; fileRef = FCABF0A8234519CD00CD189A /* Assets.xcassets */; };
		FCABF0AC234519CD00CD189A /* LaunchScreen.storyboard in Resources */ = {isa = PBXBuildFile; fileRef = FCABF0AA234519CD00CD189A /* LaunchScreen.storyboard */; };
		FCABF0B523451A6200CD189A /* Holiday.swift in Sources */ = {isa = PBXBuildFile; fileRef = FCABF0B423451A6200CD189A /* Holiday.swift */; };
		FCABF0B8234521C100CD189A /* HolidayController.swift in Sources */ = {isa = PBXBuildFile; fileRef = FCABF0B7234521C100CD189A /* HolidayController.swift */; };
		FCABF0BD234546FB00CD189A /* HolidayTableViewController.swift in Sources */ = {isa = PBXBuildFile; fileRef = FCABF0BC234546FB00CD189A /* HolidayTableViewController.swift */; };
/* End PBXBuildFile section */

/* Begin PBXFileReference section */
		FCABF09C234519CB00CD189A /* HolidayAPI.app */ = {isa = PBXFileReference; explicitFileType = wrapper.application; includeInIndex = 0; path = HolidayAPI.app; sourceTree = BUILT_PRODUCTS_DIR; };
		FCABF09F234519CB00CD189A /* AppDelegate.swift */ = {isa = PBXFileReference; lastKnownFileType = sourcecode.swift; path = AppDelegate.swift; sourceTree = "<group>"; };
		FCABF0A1234519CB00CD189A /* SceneDelegate.swift */ = {isa = PBXFileReference; lastKnownFileType = sourcecode.swift; path = SceneDelegate.swift; sourceTree = "<group>"; };
		FCABF0A6234519CB00CD189A /* Base */ = {isa = PBXFileReference; lastKnownFileType = file.storyboard; name = Base; path = Base.lproj/Main.storyboard; sourceTree = "<group>"; };
		FCABF0A8234519CD00CD189A /* Assets.xcassets */ = {isa = PBXFileReference; lastKnownFileType = folder.assetcatalog; path = Assets.xcassets; sourceTree = "<group>"; };
		FCABF0AB234519CD00CD189A /* Base */ = {isa = PBXFileReference; lastKnownFileType = file.storyboard; name = Base; path = Base.lproj/LaunchScreen.storyboard; sourceTree = "<group>"; };
		FCABF0AD234519CD00CD189A /* Info.plist */ = {isa = PBXFileReference; lastKnownFileType = text.plist.xml; path = Info.plist; sourceTree = "<group>"; };
		FCABF0B423451A6200CD189A /* Holiday.swift */ = {isa = PBXFileReference; lastKnownFileType = sourcecode.swift; path = Holiday.swift; sourceTree = "<group>"; };
		FCABF0B7234521C100CD189A /* HolidayController.swift */ = {isa = PBXFileReference; lastKnownFileType = sourcecode.swift; path = HolidayController.swift; sourceTree = "<group>"; };
		FCABF0BC234546FB00CD189A /* HolidayTableViewController.swift */ = {isa = PBXFileReference; lastKnownFileType = sourcecode.swift; path = HolidayTableViewController.swift; sourceTree = "<group>"; };
/* End PBXFileReference section */

/* Begin PBXFrameworksBuildPhase section */
		FCABF099234519CB00CD189A /* Frameworks */ = {
			isa = PBXFrameworksBuildPhase;
			buildActionMask = 2147483647;
			files = (
			);
			runOnlyForDeploymentPostprocessing = 0;
		};
/* End PBXFrameworksBuildPhase section */

/* Begin PBXGroup section */
		FCABF093234519CB00CD189A = {
			isa = PBXGroup;
			children = (
				FCABF09E234519CB00CD189A /* HolidayAPI */,
				FCABF09D234519CB00CD189A /* Products */,
			);
			sourceTree = "<group>";
		};
		FCABF09D234519CB00CD189A /* Products */ = {
			isa = PBXGroup;
			children = (
				FCABF09C234519CB00CD189A /* HolidayAPI.app */,
			);
			name = Products;
			sourceTree = "<group>";
		};
		FCABF09E234519CB00CD189A /* HolidayAPI */ = {
			isa = PBXGroup;
			children = (
				FCABF0B323451A5500CD189A /* Resources */,
				FCABF0BA234546AF00CD189A /* Views */,
				FCABF0B623451A6700CD189A /* Models */,
				FCABF0B9234532DB00CD189A /* Controllers */,
			);
			path = HolidayAPI;
			sourceTree = "<group>";
		};
		FCABF0B323451A5500CD189A /* Resources */ = {
			isa = PBXGroup;
			children = (
				FCABF09F234519CB00CD189A /* AppDelegate.swift */,
				FCABF0A1234519CB00CD189A /* SceneDelegate.swift */,
				FCABF0A8234519CD00CD189A /* Assets.xcassets */,
				FCABF0AA234519CD00CD189A /* LaunchScreen.storyboard */,
				FCABF0AD234519CD00CD189A /* Info.plist */,
			);
			path = Resources;
			sourceTree = "<group>";
		};
		FCABF0B623451A6700CD189A /* Models */ = {
			isa = PBXGroup;
			children = (
				FCABF0B423451A6200CD189A /* Holiday.swift */,
			);
			path = Models;
			sourceTree = "<group>";
		};
		FCABF0B9234532DB00CD189A /* Controllers */ = {
			isa = PBXGroup;
			children = (
				FCABF0BE234546FE00CD189A /* Model Controllers */,
				FCABF0BF2345470500CD189A /* View Controllers */,
			);
			path = Controllers;
			sourceTree = "<group>";
		};
		FCABF0BA234546AF00CD189A /* Views */ = {
			isa = PBXGroup;
			children = (
				FCABF0BB234546B200CD189A /* Storyboards */,
			);
			path = Views;
			sourceTree = "<group>";
		};
		FCABF0BB234546B200CD189A /* Storyboards */ = {
			isa = PBXGroup;
			children = (
				FCABF0A5234519CB00CD189A /* Main.storyboard */,
			);
			path = Storyboards;
			sourceTree = "<group>";
		};
		FCABF0BE234546FE00CD189A /* Model Controllers */ = {
			isa = PBXGroup;
			children = (
				FCABF0B7234521C100CD189A /* HolidayController.swift */,
			);
			path = "Model Controllers";
			sourceTree = "<group>";
		};
		FCABF0BF2345470500CD189A /* View Controllers */ = {
			isa = PBXGroup;
			children = (
				FCABF0BC234546FB00CD189A /* HolidayTableViewController.swift */,
			);
			path = "View Controllers";
			sourceTree = "<group>";
		};
/* End PBXGroup section */

/* Begin PBXNativeTarget section */
		FCABF09B234519CB00CD189A /* HolidayAPI */ = {
			isa = PBXNativeTarget;
			buildConfigurationList = FCABF0B0234519CD00CD189A /* Build configuration list for PBXNativeTarget "HolidayAPI" */;
			buildPhases = (
				FCABF098234519CB00CD189A /* Sources */,
				FCABF099234519CB00CD189A /* Frameworks */,
				FCABF09A234519CB00CD189A /* Resources */,
			);
			buildRules = (
			);
			dependencies = (
			);
			name = HolidayAPI;
			productName = HolidayAPI;
			productReference = FCABF09C234519CB00CD189A /* HolidayAPI.app */;
			productType = "com.apple.product-type.application";
		};
/* End PBXNativeTarget section */

/* Begin PBXProject section */
		FCABF094234519CB00CD189A /* Project object */ = {
			isa = PBXProject;
			attributes = {
				LastSwiftUpdateCheck = 1100;
				LastUpgradeCheck = 1100;
				ORGANIZATIONNAME = "Josh Sparks";
				TargetAttributes = {
					FCABF09B234519CB00CD189A = {
						CreatedOnToolsVersion = 11.0;
					};
				};
			};
			buildConfigurationList = FCABF097234519CB00CD189A /* Build configuration list for PBXProject "HolidayAPI" */;
			compatibilityVersion = "Xcode 9.3";
			developmentRegion = en;
			hasScannedForEncodings = 0;
			knownRegions = (
				en,
				Base,
			);
			mainGroup = FCABF093234519CB00CD189A;
			productRefGroup = FCABF09D234519CB00CD189A /* Products */;
			projectDirPath = "";
			projectRoot = "";
			targets = (
				FCABF09B234519CB00CD189A /* HolidayAPI */,
			);
		};
/* End PBXProject section */

/* Begin PBXResourcesBuildPhase section */
		FCABF09A234519CB00CD189A /* Resources */ = {
			isa = PBXResourcesBuildPhase;
			buildActionMask = 2147483647;
			files = (
				FCABF0AC234519CD00CD189A /* LaunchScreen.storyboard in Resources */,
				FCABF0A9234519CD00CD189A /* Assets.xcassets in Resources */,
				FCABF0A7234519CB00CD189A /* Main.storyboard in Resources */,
			);
			runOnlyForDeploymentPostprocessing = 0;
		};
/* End PBXResourcesBuildPhase section */

/* Begin PBXSourcesBuildPhase section */
		FCABF098234519CB00CD189A /* Sources */ = {
			isa = PBXSourcesBuildPhase;
			buildActionMask = 2147483647;
			files = (
				FCABF0BD234546FB00CD189A /* HolidayTableViewController.swift in Sources */,
				FCABF0A0234519CB00CD189A /* AppDelegate.swift in Sources */,
				FCABF0B8234521C100CD189A /* HolidayController.swift in Sources */,
				FCABF0B523451A6200CD189A /* Holiday.swift in Sources */,
				FCABF0A2234519CB00CD189A /* SceneDelegate.swift in Sources */,
			);
			runOnlyForDeploymentPostprocessing = 0;
		};
/* End PBXSourcesBuildPhase section */

/* Begin PBXVariantGroup section */
		FCABF0A5234519CB00CD189A /* Main.storyboard */ = {
			isa = PBXVariantGroup;
			children = (
				FCABF0A6234519CB00CD189A /* Base */,
			);
			name = Main.storyboard;
			sourceTree = "<group>";
		};
		FCABF0AA234519CD00CD189A /* LaunchScreen.storyboard */ = {
			isa = PBXVariantGroup;
			children = (
				FCABF0AB234519CD00CD189A /* Base */,
			);
			name = LaunchScreen.storyboard;
			sourceTree = "<group>";
		};
/* End PBXVariantGroup section */

/* Begin XCBuildConfiguration section */
		FCABF0AE234519CD00CD189A /* Debug */ = {
			isa = XCBuildConfiguration;
			buildSettings = {
				ALWAYS_SEARCH_USER_PATHS = NO;
				CLANG_ANALYZER_NONNULL = YES;
				CLANG_ANALYZER_NUMBER_OBJECT_CONVERSION = YES_AGGRESSIVE;
				CLANG_CXX_LANGUAGE_STANDARD = "gnu++14";
				CLANG_CXX_LIBRARY = "libc++";
				CLANG_ENABLE_MODULES = YES;
				CLANG_ENABLE_OBJC_ARC = YES;
				CLANG_ENABLE_OBJC_WEAK = YES;
				CLANG_WARN_BLOCK_CAPTURE_AUTORELEASING = YES;
				CLANG_WARN_BOOL_CONVERSION = YES;
				CLANG_WARN_COMMA = YES;
				CLANG_WARN_CONSTANT_CONVERSION = YES;
				CLANG_WARN_DEPRECATED_OBJC_IMPLEMENTATIONS = YES;
				CLANG_WARN_DIRECT_OBJC_ISA_USAGE = YES_ERROR;
				CLANG_WARN_DOCUMENTATION_COMMENTS = YES;
				CLANG_WARN_EMPTY_BODY = YES;
				CLANG_WARN_ENUM_CONVERSION = YES;
				CLANG_WARN_INFINITE_RECURSION = YES;
				CLANG_WARN_INT_CONVERSION = YES;
				CLANG_WARN_NON_LITERAL_NULL_CONVERSION = YES;
				CLANG_WARN_OBJC_IMPLICIT_RETAIN_SELF = YES;
				CLANG_WARN_OBJC_LITERAL_CONVERSION = YES;
				CLANG_WARN_OBJC_ROOT_CLASS = YES_ERROR;
				CLANG_WARN_RANGE_LOOP_ANALYSIS = YES;
				CLANG_WARN_STRICT_PROTOTYPES = YES;
				CLANG_WARN_SUSPICIOUS_MOVE = YES;
				CLANG_WARN_UNGUARDED_AVAILABILITY = YES_AGGRESSIVE;
				CLANG_WARN_UNREACHABLE_CODE = YES;
				CLANG_WARN__DUPLICATE_METHOD_MATCH = YES;
				COPY_PHASE_STRIP = NO;
				DEBUG_INFORMATION_FORMAT = dwarf;
				ENABLE_STRICT_OBJC_MSGSEND = YES;
				ENABLE_TESTABILITY = YES;
				GCC_C_LANGUAGE_STANDARD = gnu11;
				GCC_DYNAMIC_NO_PIC = NO;
				GCC_NO_COMMON_BLOCKS = YES;
				GCC_OPTIMIZATION_LEVEL = 0;
				GCC_PREPROCESSOR_DEFINITIONS = (
					"DEBUG=1",
					"$(inherited)",
				);
				GCC_WARN_64_TO_32_BIT_CONVERSION = YES;
				GCC_WARN_ABOUT_RETURN_TYPE = YES_ERROR;
				GCC_WARN_UNDECLARED_SELECTOR = YES;
				GCC_WARN_UNINITIALIZED_AUTOS = YES_AGGRESSIVE;
				GCC_WARN_UNUSED_FUNCTION = YES;
				GCC_WARN_UNUSED_VARIABLE = YES;
				IPHONEOS_DEPLOYMENT_TARGET = 13.0;
				MTL_ENABLE_DEBUG_INFO = INCLUDE_SOURCE;
				MTL_FAST_MATH = YES;
				ONLY_ACTIVE_ARCH = YES;
				SDKROOT = iphoneos;
				SWIFT_ACTIVE_COMPILATION_CONDITIONS = DEBUG;
				SWIFT_OPTIMIZATION_LEVEL = "-Onone";
			};
			name = Debug;
		};
		FCABF0AF234519CD00CD189A /* Release */ = {
			isa = XCBuildConfiguration;
			buildSettings = {
				ALWAYS_SEARCH_USER_PATHS = NO;
				CLANG_ANALYZER_NONNULL = YES;
				CLANG_ANALYZER_NUMBER_OBJECT_CONVERSION = YES_AGGRESSIVE;
				CLANG_CXX_LANGUAGE_STANDARD = "gnu++14";
				CLANG_CXX_LIBRARY = "libc++";
				CLANG_ENABLE_MODULES = YES;
				CLANG_ENABLE_OBJC_ARC = YES;
				CLANG_ENABLE_OBJC_WEAK = YES;
				CLANG_WARN_BLOCK_CAPTURE_AUTORELEASING = YES;
				CLANG_WARN_BOOL_CONVERSION = YES;
				CLANG_WARN_COMMA = YES;
				CLANG_WARN_CONSTANT_CONVERSION = YES;
				CLANG_WARN_DEPRECATED_OBJC_IMPLEMENTATIONS = YES;
				CLANG_WARN_DIRECT_OBJC_ISA_USAGE = YES_ERROR;
				CLANG_WARN_DOCUMENTATION_COMMENTS = YES;
				CLANG_WARN_EMPTY_BODY = YES;
				CLANG_WARN_ENUM_CONVERSION = YES;
				CLANG_WARN_INFINITE_RECURSION = YES;
				CLANG_WARN_INT_CONVERSION = YES;
				CLANG_WARN_NON_LITERAL_NULL_CONVERSION = YES;
				CLANG_WARN_OBJC_IMPLICIT_RETAIN_SELF = YES;
				CLANG_WARN_OBJC_LITERAL_CONVERSION = YES;
				CLANG_WARN_OBJC_ROOT_CLASS = YES_ERROR;
				CLANG_WARN_RANGE_LOOP_ANALYSIS = YES;
				CLANG_WARN_STRICT_PROTOTYPES = YES;
				CLANG_WARN_SUSPICIOUS_MOVE = YES;
				CLANG_WARN_UNGUARDED_AVAILABILITY = YES_AGGRESSIVE;
				CLANG_WARN_UNREACHABLE_CODE = YES;
				CLANG_WARN__DUPLICATE_METHOD_MATCH = YES;
				COPY_PHASE_STRIP = NO;
				DEBUG_INFORMATION_FORMAT = "dwarf-with-dsym";
				ENABLE_NS_ASSERTIONS = NO;
				ENABLE_STRICT_OBJC_MSGSEND = YES;
				GCC_C_LANGUAGE_STANDARD = gnu11;
				GCC_NO_COMMON_BLOCKS = YES;
				GCC_WARN_64_TO_32_BIT_CONVERSION = YES;
				GCC_WARN_ABOUT_RETURN_TYPE = YES_ERROR;
				GCC_WARN_UNDECLARED_SELECTOR = YES;
				GCC_WARN_UNINITIALIZED_AUTOS = YES_AGGRESSIVE;
				GCC_WARN_UNUSED_FUNCTION = YES;
				GCC_WARN_UNUSED_VARIABLE = YES;
				IPHONEOS_DEPLOYMENT_TARGET = 13.0;
				MTL_ENABLE_DEBUG_INFO = NO;
				MTL_FAST_MATH = YES;
				SDKROOT = iphoneos;
				SWIFT_COMPILATION_MODE = wholemodule;
				SWIFT_OPTIMIZATION_LEVEL = "-O";
				VALIDATE_PRODUCT = YES;
			};
			name = Release;
		};
		FCABF0B1234519CD00CD189A /* Debug */ = {
			isa = XCBuildConfiguration;
			buildSettings = {
				ASSETCATALOG_COMPILER_APPICON_NAME = AppIcon;
				CODE_SIGN_STYLE = Automatic;
				DEVELOPMENT_TEAM = LNY44KHWJJ;
				INFOPLIST_FILE = "$(SRCROOT)/HolidayAPI/Resources/Info.plist";
				LD_RUNPATH_SEARCH_PATHS = (
					"$(inherited)",
					"@executable_path/Frameworks",
				);
				PRODUCT_BUNDLE_IDENTIFIER = com.example.HolidayAPI;
				PRODUCT_NAME = "$(TARGET_NAME)";
				SWIFT_VERSION = 5.0;
				TARGETED_DEVICE_FAMILY = "1,2";
			};
			name = Debug;
		};
		FCABF0B2234519CD00CD189A /* Release */ = {
			isa = XCBuildConfiguration;
			buildSettings = {
				ASSETCATALOG_COMPILER_APPICON_NAME = AppIcon;
				CODE_SIGN_STYLE = Automatic;
				DEVELOPMENT_TEAM = LNY44KHWJJ;
				INFOPLIST_FILE = "$(SRCROOT)/HolidayAPI/Resources/Info.plist";
				LD_RUNPATH_SEARCH_PATHS = (
					"$(inherited)",
					"@executable_path/Frameworks",
				);
				PRODUCT_BUNDLE_IDENTIFIER = com.example.HolidayAPI;
				PRODUCT_NAME = "$(TARGET_NAME)";
				SWIFT_VERSION = 5.0;
				TARGETED_DEVICE_FAMILY = "1,2";
			};
			name = Release;
		};
/* End XCBuildConfiguration section */

/* Begin XCConfigurationList section */
		FCABF097234519CB00CD189A /* Build configuration list for PBXProject "HolidayAPI" */ = {
			isa = XCConfigurationList;
			buildConfigurations = (
				FCABF0AE234519CD00CD189A /* Debug */,
				FCABF0AF234519CD00CD189A /* Release */,
			);
			defaultConfigurationIsVisible = 0;
			defaultConfigurationName = Release;
		};
		FCABF0B0234519CD00CD189A /* Build configuration list for PBXNativeTarget "HolidayAPI" */ = {
			isa = XCConfigurationList;
			buildConfigurations = (
				FCABF0B1234519CD00CD189A /* Debug */,
				FCABF0B2234519CD00CD189A /* Release */,
			);
			defaultConfigurationIsVisible = 0;
			defaultConfigurationName = Release;
		};
/* End XCConfigurationList section */
	};
	rootObject = FCABF094234519CB00CD189A /* Project object */;
}
